
Microsoft Visual Studio Solution File, Format Version 12.00
# Visual Studio Version 17
VisualStudioVersion = 17.1.32319.34
MinimumVisualStudioVersion = 10.0.40219.1
Project("{9A19103F-16F7-4668-BE54-9A1E7A4F7556}") = "SharpDevLib.Extensions", "SharpDevLib.Extensions\SharpDevLib.Extensions.csproj", "{F1DAF1FF-2BF2-44EC-9CF7-BB6D0C53FF41}"
EndProject
Project("{9A19103F-16F7-4668-BE54-9A1E7A4F7556}") = "SharpDevLib.Extensions.Tests", "SharpDevLib.Extensions.Tests\SharpDevLib.Extensions.Tests.csproj", "{A41C54CC-BB99-4913-84CA-4E651FEE8AF0}"
EndProject
Global
	GlobalSection(SolutionConfigurationPlatforms) = preSolution
		Debug|Any CPU = Debug|Any CPU
		Release|Any CPU = Release|Any CPU
	EndGlobalSection
	GlobalSection(ProjectConfigurationPlatforms) = postSolution
		{F1DAF1FF-2BF2-44EC-9CF7-BB6D0C53FF41}.Debug|Any CPU.ActiveCfg = Debug|Any CPU
		{F1DAF1FF-2BF2-44EC-9CF7-BB6D0C53FF41}.Debug|Any CPU.Build.0 = Debug|Any CPU
		{F1DAF1FF-2BF2-44EC-9CF7-BB6D0C53FF41}.Release|Any CPU.ActiveCfg = Release|Any CPU
		{F1DAF1FF-2BF2-44EC-9CF7-BB6D0C53FF41}.Release|Any CPU.Build.0 = Release|Any CPU
		{A41C54CC-BB99-4913-84CA-4E651FEE8AF0}.Debug|Any CPU.ActiveCfg = Debug|Any CPU
		{A41C54CC-BB99-4913-84CA-4E651FEE8AF0}.Debug|Any CPU.Build.0 = Debug|Any CPU
		{A41C54CC-BB99-4913-84CA-4E651FEE8AF0}.Release|Any CPU.ActiveCfg = Release|Any CPU
		{A41C54CC-BB99-4913-84CA-4E651FEE8AF0}.Release|Any CPU.Build.0 = Release|Any CPU
	EndGlobalSection
	GlobalSection(SolutionProperties) = preSolution
		HideSolutionNode = FALSE
	EndGlobalSection
	GlobalSection(ExtensibilityGlobals) = postSolution
		SolutionGuid = {731B49DE-9327-423E-B670-FA77C5D6BB6A}
	EndGlobalSection
EndGlobal
